// !$*UTF8*$!
{
	archiveVersion = 1;
	classes = {
	};
	objectVersion = 46;
	objects = {

/* Begin PBXBuildFile section */
		00B00ED318767D8000D6F349 /* Foundation.framework in Frameworks */ = {isa = PBXBuildFile; fileRef = 00B00ED218767D8000D6F349 /* Foundation.framework */; };
		00B00ED518767D8000D6F349 /* CoreGraphics.framework in Frameworks */ = {isa = PBXBuildFile; fileRef = 00B00ED418767D8000D6F349 /* CoreGraphics.framework */; };
		00B00ED718767D8000D6F349 /* UIKit.framework in Frameworks */ = {isa = PBXBuildFile; fileRef = 00B00ED618767D8000D6F349 /* UIKit.framework */; };
		00B00EDD18767D8000D6F349 /* InfoPlist.strings in Resources */ = {isa = PBXBuildFile; fileRef = 00B00EDB18767D8000D6F349 /* InfoPlist.strings */; };
		00B00EDF18767D8000D6F349 /* main.m in Sources */ = {isa = PBXBuildFile; fileRef = 00B00EDE18767D8000D6F349 /* main.m */; };
		00B00EE318767D8000D6F349 /* AppDelegate.m in Sources */ = {isa = PBXBuildFile; fileRef = 00B00EE218767D8000D6F349 /* AppDelegate.m */; };
		00B00EE618767D8000D6F349 /* Main.storyboard in Resources */ = {isa = PBXBuildFile; fileRef = 00B00EE418767D8000D6F349 /* Main.storyboard */; };
		00B00EE918767D8000D6F349 /* ViewController.m in Sources */ = {isa = PBXBuildFile; fileRef = 00B00EE818767D8000D6F349 /* ViewController.m */; };
		00B00EEB18767D8000D6F349 /* Images.xcassets in Resources */ = {isa = PBXBuildFile; fileRef = 00B00EEA18767D8000D6F349 /* Images.xcassets */; };
		00B00EF218767D8000D6F349 /* XCTest.framework in Frameworks */ = {isa = PBXBuildFile; fileRef = 00B00EF118767D8000D6F349 /* XCTest.framework */; };
		00B00EF318767D8000D6F349 /* Foundation.framework in Frameworks */ = {isa = PBXBuildFile; fileRef = 00B00ED218767D8000D6F349 /* Foundation.framework */; };
		00B00EF418767D8000D6F349 /* UIKit.framework in Frameworks */ = {isa = PBXBuildFile; fileRef = 00B00ED618767D8000D6F349 /* UIKit.framework */; };
		00B00EFC18767D8000D6F349 /* InfoPlist.strings in Resources */ = {isa = PBXBuildFile; fileRef = 00B00EFA18767D8000D6F349 /* InfoPlist.strings */; };
		00B00EFE18767D8000D6F349 /* toolbarTestTests.m in Sources */ = {isa = PBXBuildFile; fileRef = 00B00EFD18767D8000D6F349 /* toolbarTestTests.m */; };
/* End PBXBuildFile section */

/* Begin PBXContainerItemProxy section */
		00B00EF518767D8000D6F349 /* PBXContainerItemProxy */ = {
			isa = PBXContainerItemProxy;
			containerPortal = 00B00EC718767D8000D6F349 /* Project object */;
			proxyType = 1;
			remoteGlobalIDString = 00B00ECE18767D8000D6F349;
			remoteInfo = toolbarTest;
		};
/* End PBXContainerItemProxy section */

/* Begin PBXFileReference section */
		00B00ECF18767D8000D6F349 /* toolbarTest.app */ = {isa = PBXFileReference; explicitFileType = wrapper.application; includeInIndex = 0; path = toolbarTest.app; sourceTree = BUILT_PRODUCTS_DIR; };
		00B00ED218767D8000D6F349 /* Foundation.framework */ = {isa = PBXFileReference; lastKnownFileType = wrapper.framework; name = Foundation.framework; path = System/Library/Frameworks/Foundation.framework; sourceTree = SDKROOT; };
		00B00ED418767D8000D6F349 /* CoreGraphics.framework */ = {isa = PBXFileReference; lastKnownFileType = wrapper.framework; name = CoreGraphics.framework; path = System/Library/Frameworks/CoreGraphics.framework; sourceTree = SDKROOT; };
		00B00ED618767D8000D6F349 /* UIKit.framework */ = {isa = PBXFileReference; lastKnownFileType = wrapper.framework; name = UIKit.framework; path = System/Library/Frameworks/UIKit.framework; sourceTree = SDKROOT; };
		00B00EDA18767D8000D6F349 /* toolbarTest-Info.plist */ = {isa = PBXFileReference; lastKnownFileType = text.plist.xml; path = "toolbarTest-Info.plist"; sourceTree = "<group>"; };
		00B00EDC18767D8000D6F349 /* en */ = {isa = PBXFileReference; lastKnownFileType = text.plist.strings; name = en; path = en.lproj/InfoPlist.strings; sourceTree = "<group>"; };
		00B00EDE18767D8000D6F349 /* main.m */ = {isa = PBXFileReference; lastKnownFileType = sourcecode.c.objc; path = main.m; sourceTree = "<group>"; };
		00B00EE018767D8000D6F349 /* toolbarTest-Prefix.pch */ = {isa = PBXFileReference; lastKnownFileType = sourcecode.c.h; path = "toolbarTest-Prefix.pch"; sourceTree = "<group>"; };
		00B00EE118767D8000D6F349 /* AppDelegate.h */ = {isa = PBXFileReference; lastKnownFileType = sourcecode.c.h; path = AppDelegate.h; sourceTree = "<group>"; };
		00B00EE218767D8000D6F349 /* AppDelegate.m */ = {isa = PBXFileReference; lastKnownFileType = sourcecode.c.objc; path = AppDelegate.m; sourceTree = "<group>"; };
		00B00EE518767D8000D6F349 /* Base */ = {isa = PBXFileReference; lastKnownFileType = file.storyboard; name = Base; path = Base.lproj/Main.storyboard; sourceTree = "<group>"; };
		00B00EE718767D8000D6F349 /* ViewController.h */ = {isa = PBXFileReference; lastKnownFileType = sourcecode.c.h; path = ViewController.h; sourceTree = "<group>"; };
		00B00EE818767D8000D6F349 /* ViewController.m */ = {isa = PBXFileReference; lastKnownFileType = sourcecode.c.objc; path = ViewController.m; sourceTree = "<group>"; };
		00B00EEA18767D8000D6F349 /* Images.xcassets */ = {isa = PBXFileReference; lastKnownFileType = folder.assetcatalog; path = Images.xcassets; sourceTree = "<group>"; };
		00B00EF018767D8000D6F349 /* toolbarTestTests.xctest */ = {isa = PBXFileReference; explicitFileType = wrapper.cfbundle; includeInIndex = 0; path = toolbarTestTests.xctest; sourceTree = BUILT_PRODUCTS_DIR; };
		00B00EF118767D8000D6F349 /* XCTest.framework */ = {isa = PBXFileReference; lastKnownFileType = wrapper.framework; name = XCTest.framework; path = Library/Frameworks/XCTest.framework; sourceTree = DEVELOPER_DIR; };
		00B00EF918767D8000D6F349 /* toolbarTestTests-Info.plist */ = {isa = PBXFileReference; lastKnownFileType = text.plist.xml; path = "toolbarTestTests-Info.plist"; sourceTree = "<group>"; };
		00B00EFB18767D8000D6F349 /* en */ = {isa = PBXFileReference; lastKnownFileType = text.plist.strings; name = en; path = en.lproj/InfoPlist.strings; sourceTree = "<group>"; };
		00B00EFD18767D8000D6F349 /* toolbarTestTests.m */ = {isa = PBXFileReference; lastKnownFileType = sourcecode.c.objc; path = toolbarTestTests.m; sourceTree = "<group>"; };
/* End PBXFileReference section */

/* Begin PBXFrameworksBuildPhase section */
		00B00ECC18767D8000D6F349 /* Frameworks */ = {
			isa = PBXFrameworksBuildPhase;
			buildActionMask = 2147483647;
			files = (
				00B00ED518767D8000D6F349 /* CoreGraphics.framework in Frameworks */,
				00B00ED718767D8000D6F349 /* UIKit.framework in Frameworks */,
				00B00ED318767D8000D6F349 /* Foundation.framework in Frameworks */,
			);
			runOnlyForDeploymentPostprocessing = 0;
		};
		00B00EED18767D8000D6F349 /* Frameworks */ = {
			isa = PBXFrameworksBuildPhase;
			buildActionMask = 2147483647;
			files = (
				00B00EF218767D8000D6F349 /* XCTest.framework in Frameworks */,
				00B00EF418767D8000D6F349 /* UIKit.framework in Frameworks */,
				00B00EF318767D8000D6F349 /* Foundation.framework in Frameworks */,
			);
			runOnlyForDeploymentPostprocessing = 0;
		};
/* End PBXFrameworksBuildPhase section */

/* Begin PBXGroup section */
		00B00EC618767D8000D6F349 = {
			isa = PBXGroup;
			children = (
				00B00ED818767D8000D6F349 /* toolbarTest */,
				00B00EF718767D8000D6F349 /* toolbarTestTests */,
				00B00ED118767D8000D6F349 /* Frameworks */,
				00B00ED018767D8000D6F349 /* Products */,
			);
			sourceTree = "<group>";
		};
		00B00ED018767D8000D6F349 /* Products */ = {
			isa = PBXGroup;
			children = (
				00B00ECF18767D8000D6F349 /* toolbarTest.app */,
				00B00EF018767D8000D6F349 /* toolbarTestTests.xctest */,
			);
			name = Products;
			sourceTree = "<group>";
		};
		00B00ED118767D8000D6F349 /* Frameworks */ = {
			isa = PBXGroup;
			children = (
				00B00ED218767D8000D6F349 /* Foundation.framework */,
				00B00ED418767D8000D6F349 /* CoreGraphics.framework */,
				00B00ED618767D8000D6F349 /* UIKit.framework */,
				00B00EF118767D8000D6F349 /* XCTest.framework */,
			);
			name = Frameworks;
			sourceTree = "<group>";
		};
		00B00ED818767D8000D6F349 /* toolbarTest */ = {
			isa = PBXGroup;
			children = (
				00B00EE118767D8000D6F349 /* AppDelegate.h */,
				00B00EE218767D8000D6F349 /* AppDelegate.m */,
				00B00EE418767D8000D6F349 /* Main.storyboard */,
				00B00EE718767D8000D6F349 /* ViewController.h */,
				00B00EE818767D8000D6F349 /* ViewController.m */,
				00B00EEA18767D8000D6F349 /* Images.xcassets */,
				00B00ED918767D8000D6F349 /* Supporting Files */,
			);
			path = toolbarTest;
			sourceTree = "<group>";
		};
		00B00ED918767D8000D6F349 /* Supporting Files */ = {
			isa = PBXGroup;
			children = (
				00B00EDA18767D8000D6F349 /* toolbarTest-Info.plist */,
				00B00EDB18767D8000D6F349 /* InfoPlist.strings */,
				00B00EDE18767D8000D6F349 /* main.m */,
				00B00EE018767D8000D6F349 /* toolbarTest-Prefix.pch */,
			);
			name = "Supporting Files";
			sourceTree = "<group>";
		};
		00B00EF718767D8000D6F349 /* toolbarTestTests */ = {
			isa = PBXGroup;
			children = (
				00B00EFD18767D8000D6F349 /* toolbarTestTests.m */,
				00B00EF818767D8000D6F349 /* Supporting Files */,
			);
			path = toolbarTestTests;
			sourceTree = "<group>";
		};
		00B00EF818767D8000D6F349 /* Supporting Files */ = {
			isa = PBXGroup;
			children = (
				00B00EF918767D8000D6F349 /* toolbarTestTests-Info.plist */,
				00B00EFA18767D8000D6F349 /* InfoPlist.strings */,
			);
			name = "Supporting Files";
			sourceTree = "<group>";
		};
/* End PBXGroup section */

/* Begin PBXNativeTarget section */
		00B00ECE18767D8000D6F349 /* toolbarTest */ = {
			isa = PBXNativeTarget;
			buildConfigurationList = 00B00F0118767D8000D6F349 /* Build configuration list for PBXNativeTarget "toolbarTest" */;
			buildPhases = (
				00B00ECB18767D8000D6F349 /* Sources */,
				00B00ECC18767D8000D6F349 /* Frameworks */,
				00B00ECD18767D8000D6F349 /* Resources */,
			);
			buildRules = (
			);
			dependencies = (
			);
			name = toolbarTest;
			productName = toolbarTest;
			productReference = 00B00ECF18767D8000D6F349 /* toolbarTest.app */;
			productType = "com.apple.product-type.application";
		};
		00B00EEF18767D8000D6F349 /* toolbarTestTests */ = {
			isa = PBXNativeTarget;
			buildConfigurationList = 00B00F0418767D8000D6F349 /* Build configuration list for PBXNativeTarget "toolbarTestTests" */;
			buildPhases = (
				00B00EEC18767D8000D6F349 /* Sources */,
				00B00EED18767D8000D6F349 /* Frameworks */,
				00B00EEE18767D8000D6F349 /* Resources */,
			);
			buildRules = (
			);
			dependencies = (
				00B00EF618767D8000D6F349 /* PBXTargetDependency */,
			);
			name = toolbarTestTests;
			productName = toolbarTestTests;
			productReference = 00B00EF018767D8000D6F349 /* toolbarTestTests.xctest */;
			productType = "com.apple.product-type.bundle.unit-test";
		};
/* End PBXNativeTarget section */

/* Begin PBXProject section */
		00B00EC718767D8000D6F349 /* Project object */ = {
			isa = PBXProject;
			attributes = {
				LastUpgradeCheck = 0500;
				ORGANIZATIONNAME = "SDT-1";
				TargetAttributes = {
					00B00EEF18767D8000D6F349 = {
						TestTargetID = 00B00ECE18767D8000D6F349;
					};
				};
			};
			buildConfigurationList = 00B00ECA18767D8000D6F349 /* Build configuration list for PBXProject "toolbarTest" */;
			compatibilityVersion = "Xcode 3.2";
			developmentRegion = English;
			hasScannedForEncodings = 0;
			knownRegions = (
				en,
				Base,
			);
			mainGroup = 00B00EC618767D8000D6F349;
			productRefGroup = 00B00ED018767D8000D6F349 /* Products */;
			projectDirPath = "";
			projectRoot = "";
			targets = (
				00B00ECE18767D8000D6F349 /* toolbarTest */,
				00B00EEF18767D8000D6F349 /* toolbarTestTests */,
			);
		};
/* End PBXProject section */

/* Begin PBXResourcesBuildPhase section */
		00B00ECD18767D8000D6F349 /* Resources */ = {
			isa = PBXResourcesBuildPhase;
			buildActionMask = 2147483647;
			files = (
				00B00EEB18767D8000D6F349 /* Images.xcassets in Resources */,
				00B00EDD18767D8000D6F349 /* InfoPlist.strings in Resources */,
				00B00EE618767D8000D6F349 /* Main.storyboard in Resources */,
			);
			runOnlyForDeploymentPostprocessing = 0;
		};
		00B00EEE18767D8000D6F349 /* Resources */ = {
			isa = PBXResourcesBuildPhase;
			buildActionMask = 2147483647;
			files = (
				00B00EFC18767D8000D6F349 /* InfoPlist.strings in Resources */,
			);
			runOnlyForDeploymentPostprocessing = 0;
		};
/* End PBXResourcesBuildPhase section */

/* Begin PBXSourcesBuildPhase section */
		00B00ECB18767D8000D6F349 /* Sources */ = {
			isa = PBXSourcesBuildPhase;
			buildActionMask = 2147483647;
			files = (
				00B00EE918767D8000D6F349 /* ViewController.m in Sources */,
				00B00EE318767D8000D6F349 /* AppDelegate.m in Sources */,
				00B00EDF18767D8000D6F349 /* main.m in Sources */,
			);
			runOnlyForDeploymentPostprocessing = 0;
		};
		00B00EEC18767D8000D6F349 /* Sources */ = {
			isa = PBXSourcesBuildPhase;
			buildActionMask = 2147483647;
			files = (
				00B00EFE18767D8000D6F349 /* toolbarTestTests.m in Sources */,
			);
			runOnlyForDeploymentPostprocessing = 0;
		};
/* End PBXSourcesBuildPhase section */

/* Begin PBXTargetDependency section */
		00B00EF618767D8000D6F349 /* PBXTargetDependency */ = {
			isa = PBXTargetDependency;
			target = 00B00ECE18767D8000D6F349 /* toolbarTest */;
			targetProxy = 00B00EF518767D8000D6F349 /* PBXContainerItemProxy */;
		};
/* End PBXTargetDependency section */

/* Begin PBXVariantGroup section */
		00B00EDB18767D8000D6F349 /* InfoPlist.strings */ = {
			isa = PBXVariantGroup;
			children = (
				00B00EDC18767D8000D6F349 /* en */,
			);
			name = InfoPlist.strings;
			sourceTree = "<group>";
		};
		00B00EE418767D8000D6F349 /* Main.storyboard */ = {
			isa = PBXVariantGroup;
			children = (
				00B00EE518767D8000D6F349 /* Base */,
			);
			name = Main.storyboard;
			sourceTree = "<group>";
		};
		00B00EFA18767D8000D6F349 /* InfoPlist.strings */ = {
			isa = PBXVariantGroup;
			children = (
				00B00EFB18767D8000D6F349 /* en */,
			);
			name = InfoPlist.strings;
			sourceTree = "<group>";
		};
/* End PBXVariantGroup section */

/* Begin XCBuildConfiguration section */
		00B00EFF18767D8000D6F349 /* Debug */ = {
			isa = XCBuildConfiguration;
			buildSettings = {
				ALWAYS_SEARCH_USER_PATHS = NO;
				ARCHS = "$(ARCHS_STANDARD_INCLUDING_64_BIT)";
				CLANG_CXX_LANGUAGE_STANDARD = "gnu++0x";
				CLANG_CXX_LIBRARY = "libc++";
				CLANG_ENABLE_MODULES = YES;
				CLANG_ENABLE_OBJC_ARC = YES;
				CLANG_WARN_BOOL_CONVERSION = YES;
				CLANG_WARN_CONSTANT_CONVERSION = YES;
				CLANG_WARN_DIRECT_OBJC_ISA_USAGE = YES_ERROR;
				CLANG_WARN_EMPTY_BODY = YES;
				CLANG_WARN_ENUM_CONVERSION = YES;
				CLANG_WARN_INT_CONVERSION = YES;
				CLANG_WARN_OBJC_ROOT_CLASS = YES_ERROR;
				CLANG_WARN__DUPLICATE_METHOD_MATCH = YES;
				"CODE_SIGN_IDENTITY[sdk=iphoneos*]" = "iPhone Developer";
				COPY_PHASE_STRIP = NO;
				GCC_C_LANGUAGE_STANDARD = gnu99;
				GCC_DYNAMIC_NO_PIC = NO;
				GCC_OPTIMIZATION_LEVEL = 0;
				GCC_PREPROCESSOR_DEFINITIONS = (
					"DEBUG=1",
					"$(inherited)",
				);
				GCC_SYMBOLS_PRIVATE_EXTERN = NO;
				GCC_WARN_64_TO_32_BIT_CONVERSION = YES;
				GCC_WARN_ABOUT_RETURN_TYPE = YES_ERROR;
				GCC_WARN_UNDECLARED_SELECTOR = YES;
				GCC_WARN_UNINITIALIZED_AUTOS = YES;
				GCC_WARN_UNUSED_FUNCTION = YES;
				GCC_WARN_UNUSED_VARIABLE = YES;
				IPHONEOS_DEPLOYMENT_TARGET = 7.0;
				ONLY_ACTIVE_ARCH = YES;
				SDKROOT = iphoneos;
			};
			name = Debug;
		};
		00B00F0018767D8000D6F349 /* Release */ = {
			isa = XCBuildConfiguration;
			buildSettings = {
				ALWAYS_SEARCH_USER_PATHS = NO;
				ARCHS = "$(ARCHS_STANDARD_INCLUDING_64_BIT)";
				CLANG_CXX_LANGUAGE_STANDARD = "gnu++0x";
				CLANG_CXX_LIBRARY = "libc++";
				CLANG_ENABLE_MODULES = YES;
				CLANG_ENABLE_OBJC_ARC = YES;
				CLANG_WARN_BOOL_CONVERSION = YES;
				CLANG_WARN_CONSTANT_CONVERSION = YES;
				CLANG_WARN_DIRECT_OBJC_ISA_USAGE = YES_ERROR;
				CLANG_WARN_EMPTY_BODY = YES;
				CLANG_WARN_ENUM_CONVERSION = YES;
				CLANG_WARN_INT_CONVERSION = YES;
				CLANG_WARN_OBJC_ROOT_CLASS = YES_ERROR;
				CLANG_WARN__DUPLICATE_METHOD_MATCH = YES;
				"CODE_SIGN_IDENTITY[sdk=iphoneos*]" = "iPhone Developer";
				COPY_PHASE_STRIP = YES;
				ENABLE_NS_ASSERTIONS = NO;
				GCC_C_LANGUAGE_STANDARD = gnu99;
				GCC_WARN_64_TO_32_BIT_CONVERSION = YES;
				GCC_WARN_ABOUT_RETURN_TYPE = YES_ERROR;
				GCC_WARN_UNDECLARED_SELECTOR = YES;
				GCC_WARN_UNINITIALIZED_AUTOS = YES;
				GCC_WARN_UNUSED_FUNCTION = YES;
				GCC_WARN_UNUSED_VARIABLE = YES;
				IPHONEOS_DEPLOYMENT_TARGET = 7.0;
				SDKROOT = iphoneos;
				VALIDATE_PRODUCT = YES;
			};
			name = Release;
		};
		00B00F0218767D8000D6F349 /* Debug */ = {
			isa = XCBuildConfiguration;
			buildSettings = {
				ASSETCATALOG_COMPILER_APPICON_NAME = AppIcon;
				ASSETCATALOG_COMPILER_LAUNCHIMAGE_NAME = LaunchImage;
				GCC_PRECOMPILE_PREFIX_HEADER = YES;
				GCC_PREFIX_HEADER = "toolbarTest/toolbarTest-Prefix.pch";
				INFOPLIST_FILE = "toolbarTest/toolbarTest-Info.plist";
				PRODUCT_NAME = "$(TARGET_NAME)";
				WRAPPER_EXTENSION = app;
			};
			name = Debug;
		};
		00B00F0318767D8000D6F349 /* Release */ = {
			isa = XCBuildConfiguration;
			buildSettings = {
				ASSETCATALOG_COMPILER_APPICON_NAME = AppIcon;
				ASSETCATALOG_COMPILER_LAUNCHIMAGE_NAME = LaunchImage;
				GCC_PRECOMPILE_PREFIX_HEADER = YES;
				GCC_PREFIX_HEADER = "toolbarTest/toolbarTest-Prefix.pch";
				INFOPLIST_FILE = "toolbarTest/toolbarTest-Info.plist";
				PRODUCT_NAME = "$(TARGET_NAME)";
				WRAPPER_EXTENSION = app;
			};
			name = Release;
		};
		00B00F0518767D8000D6F349 /* Debug */ = {
			isa = XCBuildConfiguration;
			buildSettings = {
				ARCHS = "$(ARCHS_STANDARD_INCLUDING_64_BIT)";
				BUNDLE_LOADER = "$(BUILT_PRODUCTS_DIR)/toolbarTest.app/toolbarTest";
				FRAMEWORK_SEARCH_PATHS = (
					"$(SDKROOT)/Developer/Library/Frameworks",
					"$(inherited)",
					"$(DEVELOPER_FRAMEWORKS_DIR)",
				);
				GCC_PRECOMPILE_PREFIX_HEADER = YES;
				GCC_PREFIX_HEADER = "toolbarTest/toolbarTest-Prefix.pch";
				GCC_PREPROCESSOR_DEFINITIONS = (
					"DEBUG=1",
					"$(inherited)",
				);
				INFOPLIST_FILE = "toolbarTestTests/toolbarTestTests-Info.plist";
				PRODUCT_NAME = "$(TARGET_NAME)";
				TEST_HOST = "$(BUNDLE_LOADER)";
				WRAPPER_EXTENSION = xctest;
			};
			name = Debug;
		};
		00B00F0618767D8000D6F349 /* Release */ = {
			isa = XCBuildConfiguration;
			buildSettings = {
				ARCHS = "$(ARCHS_STANDARD_INCLUDING_64_BIT)";
				BUNDLE_LOADER = "$(BUILT_PRODUCTS_DIR)/toolbarTest.app/toolbarTest";
				FRAMEWORK_SEARCH_PATHS = (
					"$(SDKROOT)/Developer/Library/Frameworks",
					"$(inherited)",
					"$(DEVELOPER_FRAMEWORKS_DIR)",
				);
				GCC_PRECOMPILE_PREFIX_HEADER = YES;
				GCC_PREFIX_HEADER = "toolbarTest/toolbarTest-Prefix.pch";
				INFOPLIST_FILE = "toolbarTestTests/toolbarTestTests-Info.plist";
				PRODUCT_NAME = "$(TARGET_NAME)";
				TEST_HOST = "$(BUNDLE_LOADER)";
				WRAPPER_EXTENSION = xctest;
			};
			name = Release;
		};
/* End XCBuildConfiguration section */

/* Begin XCConfigurationList section */
		00B00ECA18767D8000D6F349 /* Build configuration list for PBXProject "toolbarTest" */ = {
			isa = XCConfigurationList;
			buildConfigurations = (
				00B00EFF18767D8000D6F349 /* Debug */,
				00B00F0018767D8000D6F349 /* Release */,
			);
			defaultConfigurationIsVisible = 0;
			defaultConfigurationName = Release;
		};
		00B00F0118767D8000D6F349 /* Build configuration list for PBXNativeTarget "toolbarTest" */ = {
			isa = XCConfigurationList;
			buildConfigurations = (
				00B00F0218767D8000D6F349 /* Debug */,
				00B00F0318767D8000D6F349 /* Release */,
			);
			defaultConfigurationIsVisible = 0;
		};
		00B00F0418767D8000D6F349 /* Build configuration list for PBXNativeTarget "toolbarTestTests" */ = {
			isa = XCConfigurationList;
			buildConfigurations = (
				00B00F0518767D8000D6F349 /* Debug */,
				00B00F0618767D8000D6F349 /* Release */,
			);
			defaultConfigurationIsVisible = 0;
		};
/* End XCConfigurationList section */
	};
	rootObject = 00B00EC718767D8000D6F349 /* Project object */;
}
